
Microsoft Visual Studio Solution File, Format Version 12.00
# Visual Studio Version 17
VisualStudioVersion = 17.8.34316.72
MinimumVisualStudioVersion = 10.0.40219.1
Project("{FAE04EC0-301F-11D3-BF4B-00C04F79EFBC}") = "şifreOluşturma", "şifreOluşturma\şifreOluşturma.csproj", "{919848D2-BF7C-4FFC-9510-DA22D3AF5A87}"
EndProject
Global
	GlobalSection(SolutionConfigurationPlatforms) = preSolution
		Debug|Any CPU = Debug|Any CPU
		Release|Any CPU = Release|Any CPU
	EndGlobalSection
	GlobalSection(ProjectConfigurationPlatforms) = postSolution
		{919848D2-BF7C-4FFC-9510-DA22D3AF5A87}.Debug|Any CPU.ActiveCfg = Debug|Any CPU
		{919848D2-BF7C-4FFC-9510-DA22D3AF5A87}.Debug|Any CPU.Build.0 = Debug|Any CPU
		{919848D2-BF7C-4FFC-9510-DA22D3AF5A87}.Release|Any CPU.ActiveCfg = Release|Any CPU
		{919848D2-BF7C-4FFC-9510-DA22D3AF5A87}.Release|Any CPU.Build.0 = Release|Any CPU
	EndGlobalSection
	GlobalSection(SolutionProperties) = preSolution
		HideSolutionNode = FALSE
	EndGlobalSection
	GlobalSection(ExtensibilityGlobals) = postSolution
		SolutionGuid = {B777C399-8438-45BE-80BB-317D5EC9F76E}
	EndGlobalSection
EndGlobal
